// !$*UTF8*$!
{
	archiveVersion = 1;
	classes = {
	};
	objectVersion = 77;
	objects = {

/* Begin PBXContainerItemProxy section */
		617C85852FDF8F8000D96887 /* PBXContainerItemProxy */ = {
			isa = PBXContainerItemProxy;
			containerPortal = 617C856D2FDF8F7E00D96887 /* Project object */;
			proxyType = 1;
			remoteGlobalIDString = 617C85742FDF8F7E00D96887;
			remoteInfo = InterviewTutor;
		};
		617C858F2FDF8F8000D96887 /* PBXContainerItemProxy */ = {
			isa = PBXContainerItemProxy;
			containerPortal = 617C856D2FDF8F7E00D96887 /* Project object */;
			proxyType = 1;
			remoteGlobalIDString = 617C85742FDF8F7E00D96887;
			remoteInfo = InterviewTutor;
		};
/* End PBXContainerItemProxy section */

/* Begin PBXFileReference section */
		617C85752FDF8F7E00D96887 /* InterviewTutor.app */ = {isa = PBXFileReference; explicitFileType = wrapper.application; includeInIndex = 0; path = InterviewTutor.app; sourceTree = BUILT_PRODUCTS_DIR; };
		617C85842FDF8F8000D96887 /* InterviewTutorTests.xctest */ = {isa = PBXFileReference; explicitFileType = wrapper.cfbundle; includeInIndex = 0; path = InterviewTutorTests.xctest; sourceTree = BUILT_PRODUCTS_DIR; };
		617C858E2FDF8F8000D96887 /* InterviewTutorUITests.xctest */ = {isa = PBXFileReference; explicitFileType = wrapper.cfbundle; includeInIndex = 0; path = InterviewTutorUITests.xctest; sourceTree = BUILT_PRODUCTS_DIR; };
/* End PBXFileReference section */

/* Begin PBXFileSystemSynchronizedRootGroup section */
		617C85772FDF8F7E00D96887 /* InterviewTutor */ = {
			isa = PBXFileSystemSynchronizedRootGroup;
			path = InterviewTutor;
			sourceTree = "<group>";
		};
		617C85872FDF8F8000D96887 /* InterviewTutorTests */ = {
			isa = PBXFileSystemSynchronizedRootGroup;
			path = InterviewTutorTests;
			sourceTree = "<group>";
		};
		617C85912FDF8F8000D96887 /* InterviewTutorUITests */ = {
			isa = PBXFileSystemSynchronizedRootGroup;
			path = InterviewTutorUITests;
			sourceTree = "<group>";
		};
/* End PBXFileSystemSynchronizedRootGroup section */

/* Begin PBXFrameworksBuildPhase section */
		617C85722FDF8F7E00D96887 /* Frameworks */ = {
			isa = PBXFrameworksBuildPhase;
			buildActionMask = 2147483647;
			files = (
			);
			runOnlyForDeploymentPostprocessing = 0;
		};
		617C85812FDF8F8000D96887 /* Frameworks */ = {
			isa = PBXFrameworksBuildPhase;
			buildActionMask = 2147483647;
			files = (
			);
			runOnlyForDeploymentPostprocessing = 0;
		};
		617C858B2FDF8F8000D96887 /* Frameworks */ = {
			isa = PBXFrameworksBuildPhase;
			buildActionMask = 2147483647;
			files = (
			);
			runOnlyForDeploymentPostprocessing = 0;
		};
/* End PBXFrameworksBuildPhase section */

/* Begin PBXGroup section */
		617C856C2FDF8F7E00D96887 = {
			isa = PBXGroup;
			children = (
				617C85772FDF8F7E00D96887 /* InterviewTutor */,
				617C85872FDF8F8000D96887 /* InterviewTutorTests */,
				617C85912FDF8F8000D96887 /* InterviewTutorUITests */,
				617C85762FDF8F7E00D96887 /* Products */,
			);
			sourceTree = "<group>";
		};
		617C85762FDF8F7E00D96887 /* Products */ = {
			isa = PBXGroup;
			children = (
				617C85752FDF8F7E00D96887 /* InterviewTutor.app */,
				617C85842FDF8F8000D96887 /* InterviewTutorTests.xctest */,
				617C858E2FDF8F8000D96887 /* InterviewTutorUITests.xctest */,
			);
			name = Products;
			sourceTree = "<group>";
		};
/* End PBXGroup section */

/* Begin PBXNativeTarget section */
		617C85742FDF8F7E00D96887 /* InterviewTutor */ = {
			isa = PBXNativeTarget;
			buildConfigurationList = 617C85982FDF8F8000D96887 /* Build configuration list for PBXNativeTarget "InterviewTutor" */;
			buildPhases = (
				617C85712FDF8F7E00D96887 /* Sources */,
				617C85722FDF8F7E00D96887 /* Frameworks */,
				617C85732FDF8F7E00D96887 /* Resources */,
			);
			buildRules = (
			);
			dependencies = (
			);
			fileSystemSynchronizedGroups = (
				617C85772FDF8F7E00D96887 /* InterviewTutor */,
			);
			name = InterviewTutor;
			packageProductDependencies = (
			);
			productName = InterviewTutor;
			productReference = 617C85752FDF8F7E00D96887 /* InterviewTutor.app */;
			productType = "com.apple.product-type.application";
		};
		617C85832FDF8F8000D96887 /* InterviewTutorTests */ = {
			isa = PBXNativeTarget;
			buildConfigurationList = 617C859B2FDF8F8000D96887 /* Build configuration list for PBXNativeTarget "InterviewTutorTests" */;
			buildPhases = (
				617C85802FDF8F8000D96887 /* Sources */,
				617C85812FDF8F8000D96887 /* Frameworks */,
				617C85822FDF8F8000D96887 /* Resources */,
			);
			buildRules = (
			);
			dependencies = (
				617C85862FDF8F8000D96887 /* PBXTargetDependency */,
			);
			fileSystemSynchronizedGroups = (
				617C85872FDF8F8000D96887 /* InterviewTutorTests */,
			);
			name = InterviewTutorTests;
			packageProductDependencies = (
			);
			productName = InterviewTutorTests;
			productReference = 617C85842FDF8F8000D96887 /* InterviewTutorTests.xctest */;
			productType = "com.apple.product-type.bundle.unit-test";
		};
		617C858D2FDF8F8000D96887 /* InterviewTutorUITests */ = {
			isa = PBXNativeTarget;
			buildConfigurationList = 617C859E2FDF8F8000D96887 /* Build configuration list for PBXNativeTarget "InterviewTutorUITests" */;
			buildPhases = (
				617C858A2FDF8F8000D96887 /* Sources */,
				617C858B2FDF8F8000D96887 /* Frameworks */,
				617C858C2FDF8F8000D96887 /* Resources */,
			);
			buildRules = (
			);
			dependencies = (
				617C85902FDF8F8000D96887 /* PBXTargetDependency */,
			);
			fileSystemSynchronizedGroups = (
				617C85912FDF8F8000D96887 /* InterviewTutorUITests */,
			);
			name = InterviewTutorUITests;
			packageProductDependencies = (
			);
			productName = InterviewTutorUITests;
			productReference = 617C858E2FDF8F8000D96887 /* InterviewTutorUITests.xctest */;
			productType = "com.apple.product-type.bundle.ui-testing";
		};
/* End PBXNativeTarget section */

/* Begin PBXProject section */
		617C856D2FDF8F7E00D96887 /* Project object */ = {
			isa = PBXProject;
			attributes = {
				BuildIndependentTargetsInParallel = 1;
				LastSwiftUpdateCheck = 2640;
				LastUpgradeCheck = 2640;
				TargetAttributes = {
					617C85742FDF8F7E00D96887 = {
						CreatedOnToolsVersion = 26.4.1;
					};
					617C85832FDF8F8000D96887 = {
						CreatedOnToolsVersion = 26.4.1;
						TestTargetID = 617C85742FDF8F7E00D96887;
					};
					617C858D2FDF8F8000D96887 = {
						CreatedOnToolsVersion = 26.4.1;
						TestTargetID = 617C85742FDF8F7E00D96887;
					};
				};
			};
			buildConfigurationList = 617C85702FDF8F7E00D96887 /* Build configuration list for PBXProject "InterviewTutor" */;
			developmentRegion = en;
			hasScannedForEncodings = 0;
			knownRegions = (
				en,
				Base,
			);
			mainGroup = 617C856C2FDF8F7E00D96887;
			minimizedProjectReferenceProxies = 1;
			preferredProjectObjectVersion = 77;
			productRefGroup = 617C85762FDF8F7E00D96887 /* Products */;
			projectDirPath = "";
			projectRoot = "";
			targets = (
				617C85742FDF8F7E00D96887 /* InterviewTutor */,
				617C85832FDF8F8000D96887 /* InterviewTutorTests */,
				617C858D2FDF8F8000D96887 /* InterviewTutorUITests */,
			);
		};
/* End PBXProject section */

/* Begin PBXResourcesBuildPhase section */
		617C85732FDF8F7E00D96887 /* Resources */ = {
			isa = PBXResourcesBuildPhase;
			buildActionMask = 2147483647;
			files = (
			);
			runOnlyForDeploymentPostprocessing = 0;
		};
		617C85822FDF8F8000D96887 /* Resources */ = {
			isa = PBXResourcesBuildPhase;
			buildActionMask = 2147483647;
			files = (
			);
			runOnlyForDeploymentPostprocessing = 0;
		};
		617C858C2FDF8F8000D96887 /* Resources */ = {
			isa = PBXResourcesBuildPhase;
			buildActionMask = 2147483647;
			files = (
			);
			runOnlyForDeploymentPostprocessing = 0;
		};
/* End PBXResourcesBuildPhase section */

/* Begin PBXSourcesBuildPhase section */
		617C85712FDF8F7E00D96887 /* Sources */ = {
			isa = PBXSourcesBuildPhase;
			buildActionMask = 2147483647;
			files = (
			);
			runOnlyForDeploymentPostprocessing = 0;
		};
		617C85802FDF8F8000D96887 /* Sources */ = {
			isa = PBXSourcesBuildPhase;
			buildActionMask = 2147483647;
			files = (
			);
			runOnlyForDeploymentPostprocessing = 0;
		};
		617C858A2FDF8F8000D96887 /* Sources */ = {
			isa = PBXSourcesBuildPhase;
			buildActionMask = 2147483647;
			files = (
			);
			runOnlyForDeploymentPostprocessing = 0;
		};
/* End PBXSourcesBuildPhase section */

/* Begin PBXTargetDependency section */
		617C85862FDF8F8000D96887 /* PBXTargetDependency */ = {
			isa = PBXTargetDependency;
			target = 617C85742FDF8F7E00D96887 /* InterviewTutor */;
			targetProxy = 617C85852FDF8F8000D96887 /* PBXContainerItemProxy */;
		};
		617C85902FDF8F8000D96887 /* PBXTargetDependency */ = {
			isa = PBXTargetDependency;
			target = 617C85742FDF8F7E00D96887 /* InterviewTutor */;
			targetProxy = 617C858F2FDF8F8000D96887 /* PBXContainerItemProxy */;
		};
/* End PBXTargetDependency section */

/* Begin XCBuildConfiguration section */
		617C85962FDF8F8000D96887 /* Debug */ = {
			isa = XCBuildConfiguration;
			buildSettings = {
				ALWAYS_SEARCH_USER_PATHS = NO;
				ASSETCATALOG_COMPILER_GENERATE_SWIFT_ASSET_SYMBOL_EXTENSIONS = YES;
				CLANG_ANALYZER_NONNULL = YES;
				CLANG_ANALYZER_NUMBER_OBJECT_CONVERSION = YES_AGGRESSIVE;
				CLANG_CXX_LANGUAGE_STANDARD = "gnu++20";
				CLANG_ENABLE_MODULES = YES;
				CLANG_ENABLE_OBJC_ARC = YES;
				CLANG_ENABLE_OBJC_WEAK = YES;
				CLANG_WARN_BLOCK_CAPTURE_AUTORELEASING = YES;
				CLANG_WARN_BOOL_CONVERSION = YES;
				CLANG_WARN_COMMA = YES;
				CLANG_WARN_CONSTANT_CONVERSION = YES;
				CLANG_WARN_DEPRECATED_OBJC_IMPLEMENTATIONS = YES;
				CLANG_WARN_DIRECT_OBJC_ISA_USAGE = YES_ERROR;
				CLANG_WARN_DOCUMENTATION_COMMENTS = YES;
				CLANG_WARN_EMPTY_BODY = YES;
				CLANG_WARN_ENUM_CONVERSION = YES;
				CLANG_WARN_INFINITE_RECURSION = YES;
				CLANG_WARN_INT_CONVERSION = YES;
				CLANG_WARN_NON_LITERAL_NULL_CONVERSION = YES;
				CLANG_WARN_OBJC_IMPLICIT_RETAIN_SELF = YES;
				CLANG_WARN_OBJC_LITERAL_CONVERSION = YES;
				CLANG_WARN_OBJC_ROOT_CLASS = YES_ERROR;
				CLANG_WARN_QUOTED_INCLUDE_IN_FRAMEWORK_HEADER = YES;
				CLANG_WARN_RANGE_LOOP_ANALYSIS = YES;
				CLANG_WARN_STRICT_PROTOTYPES = YES;
				CLANG_WARN_SUSPICIOUS_MOVE = YES;
				CLANG_WARN_UNGUARDED_AVAILABILITY = YES_AGGRESSIVE;
				CLANG_WARN_UNREACHABLE_CODE = YES;
				CLANG_WARN__DUPLICATE_METHOD_MATCH = YES;
				COPY_PHASE_STRIP = NO;
				DEBUG_INFORMATION_FORMAT = dwarf;
				DEVELOPMENT_TEAM = 44HRTG996V;
				ENABLE_STRICT_OBJC_MSGSEND = YES;
				ENABLE_TESTABILITY = YES;
				ENABLE_USER_SCRIPT_SANDBOXING = YES;
				GCC_C_LANGUAGE_STANDARD = gnu17;
				GCC_DYNAMIC_NO_PIC = NO;
				GCC_NO_COMMON_BLOCKS = YES;
				GCC_OPTIMIZATION_LEVEL = 0;
				GCC_PREPROCESSOR_DEFINITIONS = (
					"DEBUG=1",
					"$(inherited)",
				);
				GCC_WARN_64_TO_32_BIT_CONVERSION = YES;
				GCC_WARN_ABOUT_RETURN_TYPE = YES_ERROR;
				GCC_WARN_UNDECLARED_SELECTOR = YES;
				GCC_WARN_UNINITIALIZED_AUTOS = YES_AGGRESSIVE;
				GCC_WARN_UNUSED_FUNCTION = YES;
				GCC_WARN_UNUSED_VARIABLE = YES;
				LOCALIZATION_PREFERS_STRING_CATALOGS = YES;
				MACOSX_DEPLOYMENT_TARGET = 26.4;
				MTL_ENABLE_DEBUG_INFO = INCLUDE_SOURCE;
				MTL_FAST_MATH = YES;
				ONLY_ACTIVE_ARCH = YES;
				SDKROOT = macosx;
				SWIFT_ACTIVE_COMPILATION_CONDITIONS = "DEBUG $(inherited)";
				SWIFT_OPTIMIZATION_LEVEL = "-Onone";
			};
			name = Debug;
		};
		617C85972FDF8F8000D96887 /* Release */ = {
			isa = XCBuildConfiguration;
			buildSettings = {
				ALWAYS_SEARCH_USER_PATHS = NO;
				ASSETCATALOG_COMPILER_GENERATE_SWIFT_ASSET_SYMBOL_EXTENSIONS = YES;
				CLANG_ANALYZER_NONNULL = YES;
				CLANG_ANALYZER_NUMBER_OBJECT_CONVERSION = YES_AGGRESSIVE;
				CLANG_CXX_LANGUAGE_STANDARD = "gnu++20";
				CLANG_ENABLE_MODULES = YES;
				CLANG_ENABLE_OBJC_ARC = YES;
				CLANG_ENABLE_OBJC_WEAK = YES;
				CLANG_WARN_BLOCK_CAPTURE_AUTORELEASING = YES;
				CLANG_WARN_BOOL_CONVERSION = YES;
				CLANG_WARN_COMMA = YES;
				CLANG_WARN_CONSTANT_CONVERSION = YES;
				CLANG_WARN_DEPRECATED_OBJC_IMPLEMENTATIONS = YES;
				CLANG_WARN_DIRECT_OBJC_ISA_USAGE = YES_ERROR;
				CLANG_WARN_DOCUMENTATION_COMMENTS = YES;
				CLANG_WARN_EMPTY_BODY = YES;
				CLANG_WARN_ENUM_CONVERSION = YES;
				CLANG_WARN_INFINITE_RECURSION = YES;
				CLANG_WARN_INT_CONVERSION = YES;
				CLANG_WARN_NON_LITERAL_NULL_CONVERSION = YES;
				CLANG_WARN_OBJC_IMPLICIT_RETAIN_SELF = YES;
				CLANG_WARN_OBJC_LITERAL_CONVERSION = YES;
				CLANG_WARN_OBJC_ROOT_CLASS = YES_ERROR;
				CLANG_WARN_QUOTED_INCLUDE_IN_FRAMEWORK_HEADER = YES;
				CLANG_WARN_RANGE_LOOP_ANALYSIS = YES;
				CLANG_WARN_STRICT_PROTOTYPES = YES;
				CLANG_WARN_SUSPICIOUS_MOVE = YES;
				CLANG_WARN_UNGUARDED_AVAILABILITY = YES_AGGRESSIVE;
				CLANG_WARN_UNREACHABLE_CODE = YES;
				CLANG_WARN__DUPLICATE_METHOD_MATCH = YES;
				COPY_PHASE_STRIP = NO;
				DEBUG_INFORMATION_FORMAT = "dwarf-with-dsym";
				DEVELOPMENT_TEAM = 44HRTG996V;
				ENABLE_NS_ASSERTIONS = NO;
				ENABLE_STRICT_OBJC_MSGSEND = YES;
				ENABLE_USER_SCRIPT_SANDBOXING = YES;
				GCC_C_LANGUAGE_STANDARD = gnu17;
				GCC_NO_COMMON_BLOCKS = YES;
				GCC_WARN_64_TO_32_BIT_CONVERSION = YES;
				GCC_WARN_ABOUT_RETURN_TYPE = YES_ERROR;
				GCC_WARN_UNDECLARED_SELECTOR = YES;
				GCC_WARN_UNINITIALIZED_AUTOS = YES_AGGRESSIVE;
				GCC_WARN_UNUSED_FUNCTION = YES;
				GCC_WARN_UNUSED_VARIABLE = YES;
				LOCALIZATION_PREFERS_STRING_CATALOGS = YES;
				MACOSX_DEPLOYMENT_TARGET = 26.4;
				MTL_ENABLE_DEBUG_INFO = NO;
				MTL_FAST_MATH = YES;
				SDKROOT = macosx;
				SWIFT_COMPILATION_MODE = wholemodule;
			};
			name = Release;
		};
		617C85992FDF8F8000D96887 /* Debug */ = {
			isa = XCBuildConfiguration;
			buildSettings = {
				ASSETCATALOG_COMPILER_APPICON_NAME = AppIcon;
				ASSETCATALOG_COMPILER_GLOBAL_ACCENT_COLOR_NAME = AccentColor;
				CODE_SIGN_ENTITLEMENTS = InterviewTutor/InterviewTutor.entitlements;
				CODE_SIGN_STYLE = Automatic;
				COMBINE_HIDPI_IMAGES = YES;
				CURRENT_PROJECT_VERSION = 1;
				DEVELOPMENT_TEAM = 44HRTG996V;
				ENABLE_APP_SANDBOX = YES;
				ENABLE_HARDENED_RUNTIME = YES;
				ENABLE_PREVIEWS = YES;
				ENABLE_USER_SELECTED_FILES = readonly;
				GENERATE_INFOPLIST_FILE = YES;
				INFOPLIST_KEY_CFBundleDisplayName = "면접도우미";
				INFOPLIST_KEY_LSApplicationCategoryType = "public.app-category.education";
				INFOPLIST_KEY_NSCameraUsageDescription = "화상면접 연습을 위해 카메라 접근이 필요합니다.";
				INFOPLIST_KEY_NSHumanReadableCopyright = "";
				INFOPLIST_KEY_NSMicrophoneUsageDescription = "면접 답변 녹음을 위해 마이크 접근이 필요합니다.";
				INFOPLIST_KEY_NSSpeechRecognitionUsageDescription = "답변 분석을 위해 온디바이스 음성 인식이 필요합니다.";
				LD_RUNPATH_SEARCH_PATHS = (
					"$(inherited)",
					"@executable_path/../Frameworks",
				);
				MACOSX_DEPLOYMENT_TARGET = 26.0;
				MARKETING_VERSION = 1.0;
				PRODUCT_BUNDLE_IDENTIFIER = com.deblurlab.InterviewTutor;
				PRODUCT_NAME = "$(TARGET_NAME)";
				REGISTER_APP_GROUPS = YES;
				STRING_CATALOG_GENERATE_SYMBOLS = YES;
				SUPPORTED_PLATFORMS = macosx;
				SUPPORTS_MACCATALYST = NO;
				SWIFT_APPROACHABLE_CONCURRENCY = YES;
				SWIFT_DEFAULT_ACTOR_ISOLATION = MainActor;
				SWIFT_EMIT_LOC_STRINGS = YES;
				SWIFT_UPCOMING_FEATURE_MEMBER_IMPORT_VISIBILITY = YES;
				SWIFT_VERSION = 5.0;
			};
			name = Debug;
		};
		617C859A2FDF8F8000D96887 /* Release */ = {
			isa = XCBuildConfiguration;
			buildSettings = {
				ASSETCATALOG_COMPILER_APPICON_NAME = AppIcon;
				ASSETCATALOG_COMPILER_GLOBAL_ACCENT_COLOR_NAME = AccentColor;
				CODE_SIGN_ENTITLEMENTS = InterviewTutor/InterviewTutor.entitlements;
				"CODE_SIGN_IDENTITY[sdk=macosx*]" = "Apple Development";
				CODE_SIGN_STYLE = Manual;
				COMBINE_HIDPI_IMAGES = YES;
				CURRENT_PROJECT_VERSION = 1;
				DEVELOPMENT_TEAM = "";
				"DEVELOPMENT_TEAM[sdk=macosx*]" = 44HRTG996V;
				ENABLE_APP_SANDBOX = YES;
				ENABLE_HARDENED_RUNTIME = YES;
				ENABLE_PREVIEWS = YES;
				ENABLE_USER_SELECTED_FILES = readonly;
				GENERATE_INFOPLIST_FILE = YES;
				INFOPLIST_KEY_CFBundleDisplayName = "면접도우미";
				INFOPLIST_KEY_LSApplicationCategoryType = "public.app-category.education";
				INFOPLIST_KEY_NSCameraUsageDescription = "화상면접 연습을 위해 카메라 접근이 필요합니다.";
				INFOPLIST_KEY_NSHumanReadableCopyright = "";
				INFOPLIST_KEY_NSMicrophoneUsageDescription = "면접 답변 녹음을 위해 마이크 접근이 필요합니다.";
				INFOPLIST_KEY_NSSpeechRecognitionUsageDescription = "답변 분석을 위해 온디바이스 음성 인식이 필요합니다.";
				LD_RUNPATH_SEARCH_PATHS = (
					"$(inherited)",
					"@executable_path/../Frameworks",
				);
				MACOSX_DEPLOYMENT_TARGET = 26.0;
				MARKETING_VERSION = 1.0;
				PRODUCT_BUNDLE_IDENTIFIER = com.deblurlab.InterviewTutor;
				PRODUCT_NAME = "$(TARGET_NAME)";
				PROVISIONING_PROFILE_SPECIFIER = "";
				REGISTER_APP_GROUPS = YES;
				STRING_CATALOG_GENERATE_SYMBOLS = YES;
				SUPPORTED_PLATFORMS = macosx;
				SUPPORTS_MACCATALYST = NO;
				SWIFT_APPROACHABLE_CONCURRENCY = YES;
				SWIFT_DEFAULT_ACTOR_ISOLATION = MainActor;
				SWIFT_EMIT_LOC_STRINGS = YES;
				SWIFT_UPCOMING_FEATURE_MEMBER_IMPORT_VISIBILITY = YES;
				SWIFT_VERSION = 5.0;
			};
			name = Release;
		};
		617C859C2FDF8F8000D96887 /* Debug */ = {
			isa = XCBuildConfiguration;
			buildSettings = {
				BUNDLE_LOADER = "$(TEST_HOST)";
				CODE_SIGN_STYLE = Automatic;
				CURRENT_PROJECT_VERSION = 1;
				DEVELOPMENT_TEAM = 44HRTG996V;
				GENERATE_INFOPLIST_FILE = YES;
				MACOSX_DEPLOYMENT_TARGET = 26.4;
				MARKETING_VERSION = 1.0;
				PRODUCT_BUNDLE_IDENTIFIER = com.deblurlab.InterviewTutorTests;
				PRODUCT_NAME = "$(TARGET_NAME)";
				STRING_CATALOG_GENERATE_SYMBOLS = NO;
				SWIFT_APPROACHABLE_CONCURRENCY = YES;
				SWIFT_EMIT_LOC_STRINGS = NO;
				SWIFT_UPCOMING_FEATURE_MEMBER_IMPORT_VISIBILITY = YES;
				SWIFT_VERSION = 5.0;
				TEST_HOST = "$(BUILT_PRODUCTS_DIR)/InterviewTutor.app/$(BUNDLE_EXECUTABLE_FOLDER_PATH)/InterviewTutor";
			};
			name = Debug;
		};
		617C859D2FDF8F8000D96887 /* Release */ = {
			isa = XCBuildConfiguration;
			buildSettings = {
				BUNDLE_LOADER = "$(TEST_HOST)";
				CODE_SIGN_STYLE = Automatic;
				CURRENT_PROJECT_VERSION = 1;
				DEVELOPMENT_TEAM = 44HRTG996V;
				GENERATE_INFOPLIST_FILE = YES;
				MACOSX_DEPLOYMENT_TARGET = 26.4;
				MARKETING_VERSION = 1.0;
				PRODUCT_BUNDLE_IDENTIFIER = com.deblurlab.InterviewTutorTests;
				PRODUCT_NAME = "$(TARGET_NAME)";
				STRING_CATALOG_GENERATE_SYMBOLS = NO;
				SWIFT_APPROACHABLE_CONCURRENCY = YES;
				SWIFT_EMIT_LOC_STRINGS = NO;
				SWIFT_UPCOMING_FEATURE_MEMBER_IMPORT_VISIBILITY = YES;
				SWIFT_VERSION = 5.0;
				TEST_HOST = "$(BUILT_PRODUCTS_DIR)/InterviewTutor.app/$(BUNDLE_EXECUTABLE_FOLDER_PATH)/InterviewTutor";
			};
			name = Release;
		};
		617C859F2FDF8F8000D96887 /* Debug */ = {
			isa = XCBuildConfiguration;
			buildSettings = {
				CODE_SIGN_STYLE = Automatic;
				CURRENT_PROJECT_VERSION = 1;
				DEVELOPMENT_TEAM = 44HRTG996V;
				GENERATE_INFOPLIST_FILE = YES;
				MARKETING_VERSION = 1.0;
				PRODUCT_BUNDLE_IDENTIFIER = com.deblurlab.InterviewTutorUITests;
				PRODUCT_NAME = "$(TARGET_NAME)";
				STRING_CATALOG_GENERATE_SYMBOLS = NO;
				SWIFT_APPROACHABLE_CONCURRENCY = YES;
				SWIFT_EMIT_LOC_STRINGS = NO;
				SWIFT_UPCOMING_FEATURE_MEMBER_IMPORT_VISIBILITY = YES;
				SWIFT_VERSION = 5.0;
				TEST_TARGET_NAME = InterviewTutor;
			};
			name = Debug;
		};
		617C85A02FDF8F8000D96887 /* Release */ = {
			isa = XCBuildConfiguration;
			buildSettings = {
				CODE_SIGN_STYLE = Automatic;
				CURRENT_PROJECT_VERSION = 1;
				DEVELOPMENT_TEAM = 44HRTG996V;
				GENERATE_INFOPLIST_FILE = YES;
				MARKETING_VERSION = 1.0;
				PRODUCT_BUNDLE_IDENTIFIER = com.deblurlab.InterviewTutorUITests;
				PRODUCT_NAME = "$(TARGET_NAME)";
				STRING_CATALOG_GENERATE_SYMBOLS = NO;
				SWIFT_APPROACHABLE_CONCURRENCY = YES;
				SWIFT_EMIT_LOC_STRINGS = NO;
				SWIFT_UPCOMING_FEATURE_MEMBER_IMPORT_VISIBILITY = YES;
				SWIFT_VERSION = 5.0;
				TEST_TARGET_NAME = InterviewTutor;
			};
			name = Release;
		};
/* End XCBuildConfiguration section */

/* Begin XCConfigurationList section */
		617C85702FDF8F7E00D96887 /* Build configuration list for PBXProject "InterviewTutor" */ = {
			isa = XCConfigurationList;
			buildConfigurations = (
				617C85962FDF8F8000D96887 /* Debug */,
				617C85972FDF8F8000D96887 /* Release */,
			);
			defaultConfigurationIsVisible = 0;
			defaultConfigurationName = Release;
		};
		617C85982FDF8F8000D96887 /* Build configuration list for PBXNativeTarget "InterviewTutor" */ = {
			isa = XCConfigurationList;
			buildConfigurations = (
				617C85992FDF8F8000D96887 /* Debug */,
				617C859A2FDF8F8000D96887 /* Release */,
			);
			defaultConfigurationIsVisible = 0;
			defaultConfigurationName = Release;
		};
		617C859B2FDF8F8000D96887 /* Build configuration list for PBXNativeTarget "InterviewTutorTests" */ = {
			isa = XCConfigurationList;
			buildConfigurations = (
				617C859C2FDF8F8000D96887 /* Debug */,
				617C859D2FDF8F8000D96887 /* Release */,
			);
			defaultConfigurationIsVisible = 0;
			defaultConfigurationName = Release;
		};
		617C859E2FDF8F8000D96887 /* Build configuration list for PBXNativeTarget "InterviewTutorUITests" */ = {
			isa = XCConfigurationList;
			buildConfigurations = (
				617C859F2FDF8F8000D96887 /* Debug */,
				617C85A02FDF8F8000D96887 /* Release */,
			);
			defaultConfigurationIsVisible = 0;
			defaultConfigurationName = Release;
		};
/* End XCConfigurationList section */
	};
	rootObject = 617C856D2FDF8F7E00D96887 /* Project object */;
}
